{
  "requires": true,
  "lockfileVersion": 1,
  "dependencies": {
    "bootstrap-modbox": {
      "version": "1.6.2",
      "resolved": "https://registry.npmjs.org/bootstrap-modbox/-/bootstrap-modbox-1.6.2.tgz",
      "integrity": "sha512-ohy+0L6HNXGGmzkghx9CDFH8+ii0LLwC40VAIBBnnnbOuXDWpmDKhI0Rw3rq2i8id8376Vwve68oulALNmv1nw=="
    },
    "sweetalert2": {
      "version": "11.4.24",
      "resolved": "https://registry.npmjs.org/sweetalert2/-/sweetalert2-11.4.24.tgz",
      "integrity": "sha512-wbD3SbaOhWyebVfnrY9rMjjVf7ZKUHjmn5Ch83NWUg84b/SYn0N4F0Dhxq3QYSAbnAQ7ArovQb2JfxZi5+Ieug=="
    }
  }
}
